
Microsoft Visual Studio Solution File, Format Version 12.00
# Visual Studio Version 17
VisualStudioVersion = 17.5.2.0
MinimumVisualStudioVersion = 10.0.40219.1
Project("{FAE04EC0-301F-11D3-BF4B-00C04F79EFBC}") = "Desktop", "Desktop\Desktop.csproj", "{50389274-D359-AD14-FD72-986B1E2F1314}"
EndProject
Project("{FAE04EC0-301F-11D3-BF4B-00C04F79EFBC}") = "Core", "Core\Core.csproj", "{452B4A69-FFC6-461F-B60E-F8769910609F}"
EndProject
Project("{FAE04EC0-301F-11D3-BF4B-00C04F79EFBC}") = "Extension", "Extension\Extension.csproj", "{0457E978-CFCB-43E2-AD22-8EE48D68971A}"
EndProject
Global
	GlobalSection(SolutionConfigurationPlatforms) = preSolution
		Debug|Any CPU = Debug|Any CPU
		Debug|x64 = Debug|x64
		Debug|x86 = Debug|x86
		Release|Any CPU = Release|Any CPU
		Release|x64 = Release|x64
		Release|x86 = Release|x86
	EndGlobalSection
	GlobalSection(ProjectConfigurationPlatforms) = postSolution
		{50389274-D359-AD14-FD72-986B1E2F1314}.Debug|Any CPU.ActiveCfg = Debug|Any CPU
		{50389274-D359-AD14-FD72-986B1E2F1314}.Debug|Any CPU.Build.0 = Debug|Any CPU
		{50389274-D359-AD14-FD72-986B1E2F1314}.Debug|x64.ActiveCfg = Debug|Any CPU
		{50389274-D359-AD14-FD72-986B1E2F1314}.Debug|x64.Build.0 = Debug|Any CPU
		{50389274-D359-AD14-FD72-986B1E2F1314}.Debug|x86.ActiveCfg = Debug|Any CPU
		{50389274-D359-AD14-FD72-986B1E2F1314}.Debug|x86.Build.0 = Debug|Any CPU
		{50389274-D359-AD14-FD72-986B1E2F1314}.Release|Any CPU.ActiveCfg = Release|Any CPU
		{50389274-D359-AD14-FD72-986B1E2F1314}.Release|Any CPU.Build.0 = Release|Any CPU
		{50389274-D359-AD14-FD72-986B1E2F1314}.Release|x64.ActiveCfg = Release|Any CPU
		{50389274-D359-AD14-FD72-986B1E2F1314}.Release|x64.Build.0 = Release|Any CPU
		{50389274-D359-AD14-FD72-986B1E2F1314}.Release|x86.ActiveCfg = Release|Any CPU
		{50389274-D359-AD14-FD72-986B1E2F1314}.Release|x86.Build.0 = Release|Any CPU
		{452B4A69-FFC6-461F-B60E-F8769910609F}.Debug|Any CPU.ActiveCfg = Debug|Any CPU
		{452B4A69-FFC6-461F-B60E-F8769910609F}.Debug|Any CPU.Build.0 = Debug|Any CPU
		{452B4A69-FFC6-461F-B60E-F8769910609F}.Debug|x64.ActiveCfg = Debug|Any CPU
		{452B4A69-FFC6-461F-B60E-F8769910609F}.Debug|x64.Build.0 = Debug|Any CPU
		{452B4A69-FFC6-461F-B60E-F8769910609F}.Debug|x86.ActiveCfg = Debug|Any CPU
		{452B4A69-FFC6-461F-B60E-F8769910609F}.Debug|x86.Build.0 = Debug|Any CPU
		{452B4A69-FFC6-461F-B60E-F8769910609F}.Release|Any CPU.ActiveCfg = Release|Any CPU
		{452B4A69-FFC6-461F-B60E-F8769910609F}.Release|Any CPU.Build.0 = Release|Any CPU
		{452B4A69-FFC6-461F-B60E-F8769910609F}.Release|x64.ActiveCfg = Release|Any CPU
		{452B4A69-FFC6-461F-B60E-F8769910609F}.Release|x64.Build.0 = Release|Any CPU
		{452B4A69-FFC6-461F-B60E-F8769910609F}.Release|x86.ActiveCfg = Release|Any CPU
		{452B4A69-FFC6-461F-B60E-F8769910609F}.Release|x86.Build.0 = Release|Any CPU
		{0457E978-CFCB-43E2-AD22-8EE48D68971A}.Debug|Any CPU.ActiveCfg = Debug|Any CPU
		{0457E978-CFCB-43E2-AD22-8EE48D68971A}.Debug|Any CPU.Build.0 = Debug|Any CPU
		{0457E978-CFCB-43E2-AD22-8EE48D68971A}.Debug|x64.ActiveCfg = Debug|Any CPU
		{0457E978-CFCB-43E2-AD22-8EE48D68971A}.Debug|x64.Build.0 = Debug|Any CPU
		{0457E978-CFCB-43E2-AD22-8EE48D68971A}.Debug|x86.ActiveCfg = Debug|Any CPU
		{0457E978-CFCB-43E2-AD22-8EE48D68971A}.Debug|x86.Build.0 = Debug|Any CPU
		{0457E978-CFCB-43E2-AD22-8EE48D68971A}.Release|Any CPU.ActiveCfg = Release|Any CPU
		{0457E978-CFCB-43E2-AD22-8EE48D68971A}.Release|Any CPU.Build.0 = Release|Any CPU
		{0457E978-CFCB-43E2-AD22-8EE48D68971A}.Release|x64.ActiveCfg = Release|Any CPU
		{0457E978-CFCB-43E2-AD22-8EE48D68971A}.Release|x64.Build.0 = Release|Any CPU
		{0457E978-CFCB-43E2-AD22-8EE48D68971A}.Release|x86.ActiveCfg = Release|Any CPU
		{0457E978-CFCB-43E2-AD22-8EE48D68971A}.Release|x86.Build.0 = Release|Any CPU
	EndGlobalSection
	GlobalSection(SolutionProperties) = preSolution
		HideSolutionNode = FALSE
	EndGlobalSection
	GlobalSection(ExtensibilityGlobals) = postSolution
		SolutionGuid = {C069FF36-29F7-4D8D-A7BA-267DEDF0B68F}
	EndGlobalSection
EndGlobal
